// !$*UTF8*$!
{
	archiveVersion = 1;
	classes = {
	};
	objectVersion = 50;
	objects = {

/* Begin PBXBuildFile section */
		8A716D9620F225D80014E825 /* AppDelegate.swift in Sources */ = {isa = PBXBuildFile; fileRef = 8A716D9520F225D80014E825 /* AppDelegate.swift */; };
		8A716D9820F225D80014E825 /* ViewController.swift in Sources */ = {isa = PBXBuildFile; fileRef = 8A716D9720F225D80014E825 /* ViewController.swift */; };
		8A716D9B20F225D80014E825 /* Main.storyboard in Resources */ = {isa = PBXBuildFile; fileRef = 8A716D9920F225D80014E825 /* Main.storyboard */; };
		8A716D9D20F225D90014E825 /* Assets.xcassets in Resources */ = {isa = PBXBuildFile; fileRef = 8A716D9C20F225D90014E825 /* Assets.xcassets */; };
		8A716DA020F225D90014E825 /* LaunchScreen.storyboard in Resources */ = {isa = PBXBuildFile; fileRef = 8A716D9E20F225D90014E825 /* LaunchScreen.storyboard */; };
		8A716DA820F225EB0014E825 /* NewSegue.swift in Sources */ = {isa = PBXBuildFile; fileRef = 8A716DA720F225EB0014E825 /* NewSegue.swift */; };
/* End PBXBuildFile section */

/* Begin PBXFileReference section */
		8A716D9220F225D80014E825 /* TUTORIAL_04_7.app */ = {isa = PBXFileReference; explicitFileType = wrapper.application; includeInIndex = 0; path = TUTORIAL_04_7.app; sourceTree = BUILT_PRODUCTS_DIR; };
		8A716D9520F225D80014E825 /* AppDelegate.swift */ = {isa = PBXFileReference; lastKnownFileType = sourcecode.swift; path = AppDelegate.swift; sourceTree = "<group>"; };
		8A716D9720F225D80014E825 /* ViewController.swift */ = {isa = PBXFileReference; lastKnownFileType = sourcecode.swift; path = ViewController.swift; sourceTree = "<group>"; };
		8A716D9A20F225D80014E825 /* Base */ = {isa = PBXFileReference; lastKnownFileType = file.storyboard; name = Base; path = Base.lproj/Main.storyboard; sourceTree = "<group>"; };
		8A716D9C20F225D90014E825 /* Assets.xcassets */ = {isa = PBXFileReference; lastKnownFileType = folder.assetcatalog; path = Assets.xcassets; sourceTree = "<group>"; };
		8A716D9F20F225D90014E825 /* Base */ = {isa = PBXFileReference; lastKnownFileType = file.storyboard; name = Base; path = Base.lproj/LaunchScreen.storyboard; sourceTree = "<group>"; };
		8A716DA120F225D90014E825 /* Info.plist */ = {isa = PBXFileReference; lastKnownFileType = text.plist.xml; path = Info.plist; sourceTree = "<group>"; };
		8A716DA720F225EB0014E825 /* NewSegue.swift */ = {isa = PBXFileReference; lastKnownFileType = sourcecode.swift; path = NewSegue.swift; sourceTree = "<group>"; };
/* End PBXFileReference section */

/* Begin PBXFrameworksBuildPhase section */
		8A716D8F20F225D80014E825 /* Frameworks */ = {
			isa = PBXFrameworksBuildPhase;
			buildActionMask = 2147483647;
			files = (
			);
			runOnlyForDeploymentPostprocessing = 0;
		};
/* End PBXFrameworksBuildPhase section */

/* Begin PBXGroup section */
		8A716D8920F225D80014E825 = {
			isa = PBXGroup;
			children = (
				8A716D9420F225D80014E825 /* TUTORIAL_04_7 */,
				8A716D9320F225D80014E825 /* Products */,
			);
			sourceTree = "<group>";
		};
		8A716D9320F225D80014E825 /* Products */ = {
			isa = PBXGroup;
			children = (
				8A716D9220F225D80014E825 /* TUTORIAL_04_7.app */,
			);
			name = Products;
			sourceTree = "<group>";
		};
		8A716D9420F225D80014E825 /* TUTORIAL_04_7 */ = {
			isa = PBXGroup;
			children = (
				8A716D9520F225D80014E825 /* AppDelegate.swift */,
				8A716D9720F225D80014E825 /* ViewController.swift */,
				8A716D9920F225D80014E825 /* Main.storyboard */,
				8A716D9C20F225D90014E825 /* Assets.xcassets */,
				8A716D9E20F225D90014E825 /* LaunchScreen.storyboard */,
				8A716DA120F225D90014E825 /* Info.plist */,
				8A716DA720F225EB0014E825 /* NewSegue.swift */,
			);
			path = TUTORIAL_04_7;
			sourceTree = "<group>";
		};
/* End PBXGroup section */

/* Begin PBXNativeTarget section */
		8A716D9120F225D80014E825 /* TUTORIAL_04_7 */ = {
			isa = PBXNativeTarget;
			buildConfigurationList = 8A716DA420F225D90014E825 /* Build configuration list for PBXNativeTarget "TUTORIAL_04_7" */;
			buildPhases = (
				8A716D8E20F225D80014E825 /* Sources */,
				8A716D8F20F225D80014E825 /* Frameworks */,
				8A716D9020F225D80014E825 /* Resources */,
			);
			buildRules = (
			);
			dependencies = (
			);
			name = TUTORIAL_04_7;
			productName = TUTORIAL_04_7;
			productReference = 8A716D9220F225D80014E825 /* TUTORIAL_04_7.app */;
			productType = "com.apple.product-type.application";
		};
/* End PBXNativeTarget section */

/* Begin PBXProject section */
		8A716D8A20F225D80014E825 /* Project object */ = {
			isa = PBXProject;
			attributes = {
				LastSwiftUpdateCheck = 0940;
				LastUpgradeCheck = 0940;
				ORGANIZATIONNAME = OnlyNew;
				TargetAttributes = {
					8A716D9120F225D80014E825 = {
						CreatedOnToolsVersion = 9.4.1;
					};
				};
			};
			buildConfigurationList = 8A716D8D20F225D80014E825 /* Build configuration list for PBXProject "TUTORIAL_04_7" */;
			compatibilityVersion = "Xcode 9.3";
			developmentRegion = en;
			hasScannedForEncodings = 0;
			knownRegions = (
				en,
				Base,
			);
			mainGroup = 8A716D8920F225D80014E825;
			productRefGroup = 8A716D9320F225D80014E825 /* Products */;
			projectDirPath = "";
			projectRoot = "";
			targets = (
				8A716D9120F225D80014E825 /* TUTORIAL_04_7 */,
			);
		};
/* End PBXProject section */

/* Begin PBXResourcesBuildPhase section */
		8A716D9020F225D80014E825 /* Resources */ = {
			isa = PBXResourcesBuildPhase;
			buildActionMask = 2147483647;
			files = (
				8A716DA020F225D90014E825 /* LaunchScreen.storyboard in Resources */,
				8A716D9D20F225D90014E825 /* Assets.xcassets in Resources */,
				8A716D9B20F225D80014E825 /* Main.storyboard in Resources */,
			);
			runOnlyForDeploymentPostprocessing = 0;
		};
/* End PBXResourcesBuildPhase section */

/* Begin PBXSourcesBuildPhase section */
		8A716D8E20F225D80014E825 /* Sources */ = {
			isa = PBXSourcesBuildPhase;
			buildActionMask = 2147483647;
			files = (
				8A716DA820F225EB0014E825 /* NewSegue.swift in Sources */,
				8A716D9820F225D80014E825 /* ViewController.swift in Sources */,
				8A716D9620F225D80014E825 /* AppDelegate.swift in Sources */,
			);
			runOnlyForDeploymentPostprocessing = 0;
		};
/* End PBXSourcesBuildPhase section */

/* Begin PBXVariantGroup section */
		8A716D9920F225D80014E825 /* Main.storyboard */ = {
			isa = PBXVariantGroup;
			children = (
				8A716D9A20F225D80014E825 /* Base */,
			);
			name = Main.storyboard;
			sourceTree = "<group>";
		};
		8A716D9E20F225D90014E825 /* LaunchScreen.storyboard */ = {
			isa = PBXVariantGroup;
			children = (
				8A716D9F20F225D90014E825 /* Base */,
			);
			name = LaunchScreen.storyboard;
			sourceTree = "<group>";
		};
/* End PBXVariantGroup section */

/* Begin XCBuildConfiguration section */
		8A716DA220F225D90014E825 /* Debug */ = {
			isa = XCBuildConfiguration;
			buildSettings = {
				ALWAYS_SEARCH_USER_PATHS = NO;
				CLANG_ANALYZER_NONNULL = YES;
				CLANG_ANALYZER_NUMBER_OBJECT_CONVERSION = YES_AGGRESSIVE;
				CLANG_CXX_LANGUAGE_STANDARD = "gnu++14";
				CLANG_CXX_LIBRARY = "libc++";
				CLANG_ENABLE_MODULES = YES;
				CLANG_ENABLE_OBJC_ARC = YES;
				CLANG_ENABLE_OBJC_WEAK = YES;
				CLANG_WARN_BLOCK_CAPTURE_AUTORELEASING = YES;
				CLANG_WARN_BOOL_CONVERSION = YES;
				CLANG_WARN_COMMA = YES;
				CLANG_WARN_CONSTANT_CONVERSION = YES;
				CLANG_WARN_DEPRECATED_OBJC_IMPLEMENTATIONS = YES;
				CLANG_WARN_DIRECT_OBJC_ISA_USAGE = YES_ERROR;
				CLANG_WARN_DOCUMENTATION_COMMENTS = YES;
				CLANG_WARN_EMPTY_BODY = YES;
				CLANG_WARN_ENUM_CONVERSION = YES;
				CLANG_WARN_INFINITE_RECURSION = YES;
				CLANG_WARN_INT_CONVERSION = YES;
				CLANG_WARN_NON_LITERAL_NULL_CONVERSION = YES;
				CLANG_WARN_OBJC_IMPLICIT_RETAIN_SELF = YES;
				CLANG_WARN_OBJC_LITERAL_CONVERSION = YES;
				CLANG_WARN_OBJC_ROOT_CLASS = YES_ERROR;
				CLANG_WARN_RANGE_LOOP_ANALYSIS = YES;
				CLANG_WARN_STRICT_PROTOTYPES = YES;
				CLANG_WARN_SUSPICIOUS_MOVE = YES;
				CLANG_WARN_UNGUARDED_AVAILABILITY = YES_AGGRESSIVE;
				CLANG_WARN_UNREACHABLE_CODE = YES;
				CLANG_WARN__DUPLICATE_METHOD_MATCH = YES;
				CODE_SIGN_IDENTITY = "iPhone Developer";
				COPY_PHASE_STRIP = NO;
				DEBUG_INFORMATION_FORMAT = dwarf;
				ENABLE_STRICT_OBJC_MSGSEND = YES;
				ENABLE_TESTABILITY = YES;
				GCC_C_LANGUAGE_STANDARD = gnu11;
				GCC_DYNAMIC_NO_PIC = NO;
				GCC_NO_COMMON_BLOCKS = YES;
				GCC_OPTIMIZATION_LEVEL = 0;
				GCC_PREPROCESSOR_DEFINITIONS = (
					"DEBUG=1",
					"$(inherited)",
				);
				GCC_WARN_64_TO_32_BIT_CONVERSION = YES;
				GCC_WARN_ABOUT_RETURN_TYPE = YES_ERROR;
				GCC_WARN_UNDECLARED_SELECTOR = YES;
				GCC_WARN_UNINITIALIZED_AUTOS = YES_AGGRESSIVE;
				GCC_WARN_UNUSED_FUNCTION = YES;
				GCC_WARN_UNUSED_VARIABLE = YES;
				IPHONEOS_DEPLOYMENT_TARGET = 11.4;
				MTL_ENABLE_DEBUG_INFO = YES;
				ONLY_ACTIVE_ARCH = YES;
				SDKROOT = iphoneos;
				SWIFT_ACTIVE_COMPILATION_CONDITIONS = DEBUG;
				SWIFT_OPTIMIZATION_LEVEL = "-Onone";
			};
			name = Debug;
		};
		8A716DA320F225D90014E825 /* Release */ = {
			isa = XCBuildConfiguration;
			buildSettings = {
				ALWAYS_SEARCH_USER_PATHS = NO;
				CLANG_ANALYZER_NONNULL = YES;
				CLANG_ANALYZER_NUMBER_OBJECT_CONVERSION = YES_AGGRESSIVE;
				CLANG_CXX_LANGUAGE_STANDARD = "gnu++14";
				CLANG_CXX_LIBRARY = "libc++";
				CLANG_ENABLE_MODULES = YES;
				CLANG_ENABLE_OBJC_ARC = YES;
				CLANG_ENABLE_OBJC_WEAK = YES;
				CLANG_WARN_BLOCK_CAPTURE_AUTORELEASING = YES;
				CLANG_WARN_BOOL_CONVERSION = YES;
				CLANG_WARN_COMMA = YES;
				CLANG_WARN_CONSTANT_CONVERSION = YES;
				CLANG_WARN_DEPRECATED_OBJC_IMPLEMENTATIONS = YES;
				CLANG_WARN_DIRECT_OBJC_ISA_USAGE = YES_ERROR;
				CLANG_WARN_DOCUMENTATION_COMMENTS = YES;
				CLANG_WARN_EMPTY_BODY = YES;
				CLANG_WARN_ENUM_CONVERSION = YES;
				CLANG_WARN_INFINITE_RECURSION = YES;
				CLANG_WARN_INT_CONVERSION = YES;
				CLANG_WARN_NON_LITERAL_NULL_CONVERSION = YES;
				CLANG_WARN_OBJC_IMPLICIT_RETAIN_SELF = YES;
				CLANG_WARN_OBJC_LITERAL_CONVERSION = YES;
				CLANG_WARN_OBJC_ROOT_CLASS = YES_ERROR;
				CLANG_WARN_RANGE_LOOP_ANALYSIS = YES;
				CLANG_WARN_STRICT_PROTOTYPES = YES;
				CLANG_WARN_SUSPICIOUS_MOVE = YES;
				CLANG_WARN_UNGUARDED_AVAILABILITY = YES_AGGRESSIVE;
				CLANG_WARN_UNREACHABLE_CODE = YES;
				CLANG_WARN__DUPLICATE_METHOD_MATCH = YES;
				CODE_SIGN_IDENTITY = "iPhone Developer";
				COPY_PHASE_STRIP = NO;
				DEBUG_INFORMATION_FORMAT = "dwarf-with-dsym";
				ENABLE_NS_ASSERTIONS = NO;
				ENABLE_STRICT_OBJC_MSGSEND = YES;
				GCC_C_LANGUAGE_STANDARD = gnu11;
				GCC_NO_COMMON_BLOCKS = YES;
				GCC_WARN_64_TO_32_BIT_CONVERSION = YES;
				GCC_WARN_ABOUT_RETURN_TYPE = YES_ERROR;
				GCC_WARN_UNDECLARED_SELECTOR = YES;
				GCC_WARN_UNINITIALIZED_AUTOS = YES_AGGRESSIVE;
				GCC_WARN_UNUSED_FUNCTION = YES;
				GCC_WARN_UNUSED_VARIABLE = YES;
				IPHONEOS_DEPLOYMENT_TARGET = 11.4;
				MTL_ENABLE_DEBUG_INFO = NO;
				SDKROOT = iphoneos;
				SWIFT_COMPILATION_MODE = wholemodule;
				SWIFT_OPTIMIZATION_LEVEL = "-O";
				VALIDATE_PRODUCT = YES;
			};
			name = Release;
		};
		8A716DA520F225D90014E825 /* Debug */ = {
			isa = XCBuildConfiguration;
			buildSettings = {
				ASSETCATALOG_COMPILER_APPICON_NAME = AppIcon;
				CODE_SIGN_STYLE = Automatic;
				DEVELOPMENT_TEAM = E833V996FU;
				INFOPLIST_FILE = TUTORIAL_04_7/Info.plist;
				LD_RUNPATH_SEARCH_PATHS = (
					"$(inherited)",
					"@executable_path/Frameworks",
				);
				PRODUCT_BUNDLE_IDENTIFIER = "Saera.TUTORIAL-04-7";
				PRODUCT_NAME = "$(TARGET_NAME)";
				SWIFT_VERSION = 4.0;
				TARGETED_DEVICE_FAMILY = "1,2";
			};
			name = Debug;
		};
		8A716DA620F225D90014E825 /* Release */ = {
			isa = XCBuildConfiguration;
			buildSettings = {
				ASSETCATALOG_COMPILER_APPICON_NAME = AppIcon;
				CODE_SIGN_STYLE = Automatic;
				DEVELOPMENT_TEAM = E833V996FU;
				INFOPLIST_FILE = TUTORIAL_04_7/Info.plist;
				LD_RUNPATH_SEARCH_PATHS = (
					"$(inherited)",
					"@executable_path/Frameworks",
				);
				PRODUCT_BUNDLE_IDENTIFIER = "Saera.TUTORIAL-04-7";
				PRODUCT_NAME = "$(TARGET_NAME)";
				SWIFT_VERSION = 4.0;
				TARGETED_DEVICE_FAMILY = "1,2";
			};
			name = Release;
		};
/* End XCBuildConfiguration section */

/* Begin XCConfigurationList section */
		8A716D8D20F225D80014E825 /* Build configuration list for PBXProject "TUTORIAL_04_7" */ = {
			isa = XCConfigurationList;
			buildConfigurations = (
				8A716DA220F225D90014E825 /* Debug */,
				8A716DA320F225D90014E825 /* Release */,
			);
			defaultConfigurationIsVisible = 0;
			defaultConfigurationName = Release;
		};
		8A716DA420F225D90014E825 /* Build configuration list for PBXNativeTarget "TUTORIAL_04_7" */ = {
			isa = XCConfigurationList;
			buildConfigurations = (
				8A716DA520F225D90014E825 /* Debug */,
				8A716DA620F225D90014E825 /* Release */,
			);
			defaultConfigurationIsVisible = 0;
			defaultConfigurationName = Release;
		};
/* End XCConfigurationList section */
	};
	rootObject = 8A716D8A20F225D80014E825 /* Project object */;
}
