// !$*UTF8*$!
{
	archiveVersion = 1;
	classes = {
	};
	objectVersion = 50;
	objects = {

/* Begin PBXBuildFile section */
		8AA3DD8420FCEE4A00B68DA1 /* AppDelegate.swift in Sources */ = {isa = PBXBuildFile; fileRef = 8AA3DD8320FCEE4A00B68DA1 /* AppDelegate.swift */; };
		8AA3DD8620FCEE4A00B68DA1 /* ViewController.swift in Sources */ = {isa = PBXBuildFile; fileRef = 8AA3DD8520FCEE4A00B68DA1 /* ViewController.swift */; };
		8AA3DD8920FCEE4A00B68DA1 /* Main.storyboard in Resources */ = {isa = PBXBuildFile; fileRef = 8AA3DD8720FCEE4A00B68DA1 /* Main.storyboard */; };
		8AA3DD8B20FCEE4C00B68DA1 /* Assets.xcassets in Resources */ = {isa = PBXBuildFile; fileRef = 8AA3DD8A20FCEE4C00B68DA1 /* Assets.xcassets */; };
		8AA3DD8E20FCEE4C00B68DA1 /* LaunchScreen.storyboard in Resources */ = {isa = PBXBuildFile; fileRef = 8AA3DD8C20FCEE4C00B68DA1 /* LaunchScreen.storyboard */; };
		8AA3DD9620FCEF4A00B68DA1 /* ListViewController.swift in Sources */ = {isa = PBXBuildFile; fileRef = 8AA3DD9520FCEF4A00B68DA1 /* ListViewController.swift */; };
		8AA3DD9820FCF36D00B68DA1 /* MovieVO.swift in Sources */ = {isa = PBXBuildFile; fileRef = 8AA3DD9720FCF36D00B68DA1 /* MovieVO.swift */; };
		8AA3DD9A20FE848C00B68DA1 /* MovieCell.swift in Sources */ = {isa = PBXBuildFile; fileRef = 8AA3DD9920FE848C00B68DA1 /* MovieCell.swift */; };
		8AA3DD9F20FE890500B68DA1 /* secret.jpg in Resources */ = {isa = PBXBuildFile; fileRef = 8AA3DD9C20FE890500B68DA1 /* secret.jpg */; };
		8AA3DDA020FE890500B68DA1 /* rain.jpg in Resources */ = {isa = PBXBuildFile; fileRef = 8AA3DD9D20FE890500B68DA1 /* rain.jpg */; };
		8AA3DDA120FE890500B68DA1 /* darknight.jpg in Resources */ = {isa = PBXBuildFile; fileRef = 8AA3DD9E20FE890500B68DA1 /* darknight.jpg */; };
		8AAAD77E21044B4800AE8A44 /* DetailViewController.swift in Sources */ = {isa = PBXBuildFile; fileRef = 8AAAD77D21044B4800AE8A44 /* DetailViewController.swift */; };
/* End PBXBuildFile section */

/* Begin PBXFileReference section */
		8AA3DD8020FCEE4A00B68DA1 /* TUTORIAL_08.app */ = {isa = PBXFileReference; explicitFileType = wrapper.application; includeInIndex = 0; path = TUTORIAL_08.app; sourceTree = BUILT_PRODUCTS_DIR; };
		8AA3DD8320FCEE4A00B68DA1 /* AppDelegate.swift */ = {isa = PBXFileReference; lastKnownFileType = sourcecode.swift; path = AppDelegate.swift; sourceTree = "<group>"; };
		8AA3DD8520FCEE4A00B68DA1 /* ViewController.swift */ = {isa = PBXFileReference; lastKnownFileType = sourcecode.swift; path = ViewController.swift; sourceTree = "<group>"; };
		8AA3DD8820FCEE4A00B68DA1 /* Base */ = {isa = PBXFileReference; lastKnownFileType = file.storyboard; name = Base; path = Base.lproj/Main.storyboard; sourceTree = "<group>"; };
		8AA3DD8A20FCEE4C00B68DA1 /* Assets.xcassets */ = {isa = PBXFileReference; lastKnownFileType = folder.assetcatalog; path = Assets.xcassets; sourceTree = "<group>"; };
		8AA3DD8D20FCEE4C00B68DA1 /* Base */ = {isa = PBXFileReference; lastKnownFileType = file.storyboard; name = Base; path = Base.lproj/LaunchScreen.storyboard; sourceTree = "<group>"; };
		8AA3DD8F20FCEE4C00B68DA1 /* Info.plist */ = {isa = PBXFileReference; lastKnownFileType = text.plist.xml; path = Info.plist; sourceTree = "<group>"; };
		8AA3DD9520FCEF4A00B68DA1 /* ListViewController.swift */ = {isa = PBXFileReference; lastKnownFileType = sourcecode.swift; path = ListViewController.swift; sourceTree = "<group>"; };
		8AA3DD9720FCF36D00B68DA1 /* MovieVO.swift */ = {isa = PBXFileReference; lastKnownFileType = sourcecode.swift; path = MovieVO.swift; sourceTree = "<group>"; };
		8AA3DD9920FE848C00B68DA1 /* MovieCell.swift */ = {isa = PBXFileReference; lastKnownFileType = sourcecode.swift; path = MovieCell.swift; sourceTree = "<group>"; };
		8AA3DD9C20FE890500B68DA1 /* secret.jpg */ = {isa = PBXFileReference; lastKnownFileType = image.jpeg; path = secret.jpg; sourceTree = "<group>"; };
		8AA3DD9D20FE890500B68DA1 /* rain.jpg */ = {isa = PBXFileReference; lastKnownFileType = image.jpeg; path = rain.jpg; sourceTree = "<group>"; };
		8AA3DD9E20FE890500B68DA1 /* darknight.jpg */ = {isa = PBXFileReference; lastKnownFileType = image.jpeg; path = darknight.jpg; sourceTree = "<group>"; };
		8AAAD77D21044B4800AE8A44 /* DetailViewController.swift */ = {isa = PBXFileReference; lastKnownFileType = sourcecode.swift; path = DetailViewController.swift; sourceTree = "<group>"; };
/* End PBXFileReference section */

/* Begin PBXFrameworksBuildPhase section */
		8AA3DD7D20FCEE4A00B68DA1 /* Frameworks */ = {
			isa = PBXFrameworksBuildPhase;
			buildActionMask = 2147483647;
			files = (
			);
			runOnlyForDeploymentPostprocessing = 0;
		};
/* End PBXFrameworksBuildPhase section */

/* Begin PBXGroup section */
		8AA3DD7720FCEE4A00B68DA1 = {
			isa = PBXGroup;
			children = (
				8AA3DD9B20FE888C00B68DA1 /* Resources */,
				8AA3DD8220FCEE4A00B68DA1 /* TUTORIAL_08 */,
				8AA3DD8120FCEE4A00B68DA1 /* Products */,
			);
			sourceTree = "<group>";
		};
		8AA3DD8120FCEE4A00B68DA1 /* Products */ = {
			isa = PBXGroup;
			children = (
				8AA3DD8020FCEE4A00B68DA1 /* TUTORIAL_08.app */,
			);
			name = Products;
			sourceTree = "<group>";
		};
		8AA3DD8220FCEE4A00B68DA1 /* TUTORIAL_08 */ = {
			isa = PBXGroup;
			children = (
				8AA3DD8320FCEE4A00B68DA1 /* AppDelegate.swift */,
				8AA3DD8520FCEE4A00B68DA1 /* ViewController.swift */,
				8AA3DD8720FCEE4A00B68DA1 /* Main.storyboard */,
				8AA3DD8A20FCEE4C00B68DA1 /* Assets.xcassets */,
				8AA3DD8C20FCEE4C00B68DA1 /* LaunchScreen.storyboard */,
				8AA3DD8F20FCEE4C00B68DA1 /* Info.plist */,
				8AA3DD9520FCEF4A00B68DA1 /* ListViewController.swift */,
				8AA3DD9720FCF36D00B68DA1 /* MovieVO.swift */,
				8AA3DD9920FE848C00B68DA1 /* MovieCell.swift */,
				8AAAD77D21044B4800AE8A44 /* DetailViewController.swift */,
			);
			path = TUTORIAL_08;
			sourceTree = "<group>";
		};
		8AA3DD9B20FE888C00B68DA1 /* Resources */ = {
			isa = PBXGroup;
			children = (
				8AA3DD9E20FE890500B68DA1 /* darknight.jpg */,
				8AA3DD9D20FE890500B68DA1 /* rain.jpg */,
				8AA3DD9C20FE890500B68DA1 /* secret.jpg */,
			);
			path = Resources;
			sourceTree = "<group>";
		};
/* End PBXGroup section */

/* Begin PBXNativeTarget section */
		8AA3DD7F20FCEE4A00B68DA1 /* TUTORIAL_08 */ = {
			isa = PBXNativeTarget;
			buildConfigurationList = 8AA3DD9220FCEE4C00B68DA1 /* Build configuration list for PBXNativeTarget "TUTORIAL_08" */;
			buildPhases = (
				8AA3DD7C20FCEE4A00B68DA1 /* Sources */,
				8AA3DD7D20FCEE4A00B68DA1 /* Frameworks */,
				8AA3DD7E20FCEE4A00B68DA1 /* Resources */,
			);
			buildRules = (
			);
			dependencies = (
			);
			name = TUTORIAL_08;
			productName = TUTORIAL_08;
			productReference = 8AA3DD8020FCEE4A00B68DA1 /* TUTORIAL_08.app */;
			productType = "com.apple.product-type.application";
		};
/* End PBXNativeTarget section */

/* Begin PBXProject section */
		8AA3DD7820FCEE4A00B68DA1 /* Project object */ = {
			isa = PBXProject;
			attributes = {
				LastSwiftUpdateCheck = 0940;
				LastUpgradeCheck = 0940;
				ORGANIZATIONNAME = OnlyNew;
				TargetAttributes = {
					8AA3DD7F20FCEE4A00B68DA1 = {
						CreatedOnToolsVersion = 9.4.1;
					};
				};
			};
			buildConfigurationList = 8AA3DD7B20FCEE4A00B68DA1 /* Build configuration list for PBXProject "TUTORIAL_08" */;
			compatibilityVersion = "Xcode 9.3";
			developmentRegion = en;
			hasScannedForEncodings = 0;
			knownRegions = (
				en,
				Base,
			);
			mainGroup = 8AA3DD7720FCEE4A00B68DA1;
			productRefGroup = 8AA3DD8120FCEE4A00B68DA1 /* Products */;
			projectDirPath = "";
			projectRoot = "";
			targets = (
				8AA3DD7F20FCEE4A00B68DA1 /* TUTORIAL_08 */,
			);
		};
/* End PBXProject section */

/* Begin PBXResourcesBuildPhase section */
		8AA3DD7E20FCEE4A00B68DA1 /* Resources */ = {
			isa = PBXResourcesBuildPhase;
			buildActionMask = 2147483647;
			files = (
				8AA3DDA120FE890500B68DA1 /* darknight.jpg in Resources */,
				8AA3DD8E20FCEE4C00B68DA1 /* LaunchScreen.storyboard in Resources */,
				8AA3DDA020FE890500B68DA1 /* rain.jpg in Resources */,
				8AA3DD8B20FCEE4C00B68DA1 /* Assets.xcassets in Resources */,
				8AA3DD8920FCEE4A00B68DA1 /* Main.storyboard in Resources */,
				8AA3DD9F20FE890500B68DA1 /* secret.jpg in Resources */,
			);
			runOnlyForDeploymentPostprocessing = 0;
		};
/* End PBXResourcesBuildPhase section */

/* Begin PBXSourcesBuildPhase section */
		8AA3DD7C20FCEE4A00B68DA1 /* Sources */ = {
			isa = PBXSourcesBuildPhase;
			buildActionMask = 2147483647;
			files = (
				8AA3DD8620FCEE4A00B68DA1 /* ViewController.swift in Sources */,
				8AA3DD9820FCF36D00B68DA1 /* MovieVO.swift in Sources */,
				8AA3DD8420FCEE4A00B68DA1 /* AppDelegate.swift in Sources */,
				8AAAD77E21044B4800AE8A44 /* DetailViewController.swift in Sources */,
				8AA3DD9A20FE848C00B68DA1 /* MovieCell.swift in Sources */,
				8AA3DD9620FCEF4A00B68DA1 /* ListViewController.swift in Sources */,
			);
			runOnlyForDeploymentPostprocessing = 0;
		};
/* End PBXSourcesBuildPhase section */

/* Begin PBXVariantGroup section */
		8AA3DD8720FCEE4A00B68DA1 /* Main.storyboard */ = {
			isa = PBXVariantGroup;
			children = (
				8AA3DD8820FCEE4A00B68DA1 /* Base */,
			);
			name = Main.storyboard;
			sourceTree = "<group>";
		};
		8AA3DD8C20FCEE4C00B68DA1 /* LaunchScreen.storyboard */ = {
			isa = PBXVariantGroup;
			children = (
				8AA3DD8D20FCEE4C00B68DA1 /* Base */,
			);
			name = LaunchScreen.storyboard;
			sourceTree = "<group>";
		};
/* End PBXVariantGroup section */

/* Begin XCBuildConfiguration section */
		8AA3DD9020FCEE4C00B68DA1 /* Debug */ = {
			isa = XCBuildConfiguration;
			buildSettings = {
				ALWAYS_SEARCH_USER_PATHS = NO;
				CLANG_ANALYZER_NONNULL = YES;
				CLANG_ANALYZER_NUMBER_OBJECT_CONVERSION = YES_AGGRESSIVE;
				CLANG_CXX_LANGUAGE_STANDARD = "gnu++14";
				CLANG_CXX_LIBRARY = "libc++";
				CLANG_ENABLE_MODULES = YES;
				CLANG_ENABLE_OBJC_ARC = YES;
				CLANG_ENABLE_OBJC_WEAK = YES;
				CLANG_WARN_BLOCK_CAPTURE_AUTORELEASING = YES;
				CLANG_WARN_BOOL_CONVERSION = YES;
				CLANG_WARN_COMMA = YES;
				CLANG_WARN_CONSTANT_CONVERSION = YES;
				CLANG_WARN_DEPRECATED_OBJC_IMPLEMENTATIONS = YES;
				CLANG_WARN_DIRECT_OBJC_ISA_USAGE = YES_ERROR;
				CLANG_WARN_DOCUMENTATION_COMMENTS = YES;
				CLANG_WARN_EMPTY_BODY = YES;
				CLANG_WARN_ENUM_CONVERSION = YES;
				CLANG_WARN_INFINITE_RECURSION = YES;
				CLANG_WARN_INT_CONVERSION = YES;
				CLANG_WARN_NON_LITERAL_NULL_CONVERSION = YES;
				CLANG_WARN_OBJC_IMPLICIT_RETAIN_SELF = YES;
				CLANG_WARN_OBJC_LITERAL_CONVERSION = YES;
				CLANG_WARN_OBJC_ROOT_CLASS = YES_ERROR;
				CLANG_WARN_RANGE_LOOP_ANALYSIS = YES;
				CLANG_WARN_STRICT_PROTOTYPES = YES;
				CLANG_WARN_SUSPICIOUS_MOVE = YES;
				CLANG_WARN_UNGUARDED_AVAILABILITY = YES_AGGRESSIVE;
				CLANG_WARN_UNREACHABLE_CODE = YES;
				CLANG_WARN__DUPLICATE_METHOD_MATCH = YES;
				CODE_SIGN_IDENTITY = "iPhone Developer";
				COPY_PHASE_STRIP = NO;
				DEBUG_INFORMATION_FORMAT = dwarf;
				ENABLE_STRICT_OBJC_MSGSEND = YES;
				ENABLE_TESTABILITY = YES;
				GCC_C_LANGUAGE_STANDARD = gnu11;
				GCC_DYNAMIC_NO_PIC = NO;
				GCC_NO_COMMON_BLOCKS = YES;
				GCC_OPTIMIZATION_LEVEL = 0;
				GCC_PREPROCESSOR_DEFINITIONS = (
					"DEBUG=1",
					"$(inherited)",
				);
				GCC_WARN_64_TO_32_BIT_CONVERSION = YES;
				GCC_WARN_ABOUT_RETURN_TYPE = YES_ERROR;
				GCC_WARN_UNDECLARED_SELECTOR = YES;
				GCC_WARN_UNINITIALIZED_AUTOS = YES_AGGRESSIVE;
				GCC_WARN_UNUSED_FUNCTION = YES;
				GCC_WARN_UNUSED_VARIABLE = YES;
				IPHONEOS_DEPLOYMENT_TARGET = 11.4;
				MTL_ENABLE_DEBUG_INFO = YES;
				ONLY_ACTIVE_ARCH = YES;
				SDKROOT = iphoneos;
				SWIFT_ACTIVE_COMPILATION_CONDITIONS = DEBUG;
				SWIFT_OPTIMIZATION_LEVEL = "-Onone";
			};
			name = Debug;
		};
		8AA3DD9120FCEE4C00B68DA1 /* Release */ = {
			isa = XCBuildConfiguration;
			buildSettings = {
				ALWAYS_SEARCH_USER_PATHS = NO;
				CLANG_ANALYZER_NONNULL = YES;
				CLANG_ANALYZER_NUMBER_OBJECT_CONVERSION = YES_AGGRESSIVE;
				CLANG_CXX_LANGUAGE_STANDARD = "gnu++14";
				CLANG_CXX_LIBRARY = "libc++";
				CLANG_ENABLE_MODULES = YES;
				CLANG_ENABLE_OBJC_ARC = YES;
				CLANG_ENABLE_OBJC_WEAK = YES;
				CLANG_WARN_BLOCK_CAPTURE_AUTORELEASING = YES;
				CLANG_WARN_BOOL_CONVERSION = YES;
				CLANG_WARN_COMMA = YES;
				CLANG_WARN_CONSTANT_CONVERSION = YES;
				CLANG_WARN_DEPRECATED_OBJC_IMPLEMENTATIONS = YES;
				CLANG_WARN_DIRECT_OBJC_ISA_USAGE = YES_ERROR;
				CLANG_WARN_DOCUMENTATION_COMMENTS = YES;
				CLANG_WARN_EMPTY_BODY = YES;
				CLANG_WARN_ENUM_CONVERSION = YES;
				CLANG_WARN_INFINITE_RECURSION = YES;
				CLANG_WARN_INT_CONVERSION = YES;
				CLANG_WARN_NON_LITERAL_NULL_CONVERSION = YES;
				CLANG_WARN_OBJC_IMPLICIT_RETAIN_SELF = YES;
				CLANG_WARN_OBJC_LITERAL_CONVERSION = YES;
				CLANG_WARN_OBJC_ROOT_CLASS = YES_ERROR;
				CLANG_WARN_RANGE_LOOP_ANALYSIS = YES;
				CLANG_WARN_STRICT_PROTOTYPES = YES;
				CLANG_WARN_SUSPICIOUS_MOVE = YES;
				CLANG_WARN_UNGUARDED_AVAILABILITY = YES_AGGRESSIVE;
				CLANG_WARN_UNREACHABLE_CODE = YES;
				CLANG_WARN__DUPLICATE_METHOD_MATCH = YES;
				CODE_SIGN_IDENTITY = "iPhone Developer";
				COPY_PHASE_STRIP = NO;
				DEBUG_INFORMATION_FORMAT = "dwarf-with-dsym";
				ENABLE_NS_ASSERTIONS = NO;
				ENABLE_STRICT_OBJC_MSGSEND = YES;
				GCC_C_LANGUAGE_STANDARD = gnu11;
				GCC_NO_COMMON_BLOCKS = YES;
				GCC_WARN_64_TO_32_BIT_CONVERSION = YES;
				GCC_WARN_ABOUT_RETURN_TYPE = YES_ERROR;
				GCC_WARN_UNDECLARED_SELECTOR = YES;
				GCC_WARN_UNINITIALIZED_AUTOS = YES_AGGRESSIVE;
				GCC_WARN_UNUSED_FUNCTION = YES;
				GCC_WARN_UNUSED_VARIABLE = YES;
				IPHONEOS_DEPLOYMENT_TARGET = 11.4;
				MTL_ENABLE_DEBUG_INFO = NO;
				SDKROOT = iphoneos;
				SWIFT_COMPILATION_MODE = wholemodule;
				SWIFT_OPTIMIZATION_LEVEL = "-O";
				VALIDATE_PRODUCT = YES;
			};
			name = Release;
		};
		8AA3DD9320FCEE4C00B68DA1 /* Debug */ = {
			isa = XCBuildConfiguration;
			buildSettings = {
				ASSETCATALOG_COMPILER_APPICON_NAME = AppIcon;
				CODE_SIGN_STYLE = Automatic;
				DEVELOPMENT_TEAM = E833V996FU;
				INFOPLIST_FILE = TUTORIAL_08/Info.plist;
				LD_RUNPATH_SEARCH_PATHS = (
					"$(inherited)",
					"@executable_path/Frameworks",
				);
				PRODUCT_BUNDLE_IDENTIFIER = "Saera.TUTORIAL-08";
				PRODUCT_NAME = "$(TARGET_NAME)";
				SWIFT_VERSION = 4.0;
				TARGETED_DEVICE_FAMILY = "1,2";
			};
			name = Debug;
		};
		8AA3DD9420FCEE4C00B68DA1 /* Release */ = {
			isa = XCBuildConfiguration;
			buildSettings = {
				ASSETCATALOG_COMPILER_APPICON_NAME = AppIcon;
				CODE_SIGN_STYLE = Automatic;
				DEVELOPMENT_TEAM = E833V996FU;
				INFOPLIST_FILE = TUTORIAL_08/Info.plist;
				LD_RUNPATH_SEARCH_PATHS = (
					"$(inherited)",
					"@executable_path/Frameworks",
				);
				PRODUCT_BUNDLE_IDENTIFIER = "Saera.TUTORIAL-08";
				PRODUCT_NAME = "$(TARGET_NAME)";
				SWIFT_VERSION = 4.0;
				TARGETED_DEVICE_FAMILY = "1,2";
			};
			name = Release;
		};
/* End XCBuildConfiguration section */

/* Begin XCConfigurationList section */
		8AA3DD7B20FCEE4A00B68DA1 /* Build configuration list for PBXProject "TUTORIAL_08" */ = {
			isa = XCConfigurationList;
			buildConfigurations = (
				8AA3DD9020FCEE4C00B68DA1 /* Debug */,
				8AA3DD9120FCEE4C00B68DA1 /* Release */,
			);
			defaultConfigurationIsVisible = 0;
			defaultConfigurationName = Release;
		};
		8AA3DD9220FCEE4C00B68DA1 /* Build configuration list for PBXNativeTarget "TUTORIAL_08" */ = {
			isa = XCConfigurationList;
			buildConfigurations = (
				8AA3DD9320FCEE4C00B68DA1 /* Debug */,
				8AA3DD9420FCEE4C00B68DA1 /* Release */,
			);
			defaultConfigurationIsVisible = 0;
			defaultConfigurationName = Release;
		};
/* End XCConfigurationList section */
	};
	rootObject = 8AA3DD7820FCEE4A00B68DA1 /* Project object */;
}
