// !$*UTF8*$!
{
	archiveVersion = 1;
	classes = {
	};
	objectVersion = 50;
	objects = {

/* Begin PBXBuildFile section */
		8AEC679F20F39B9400FAFF8E /* AppDelegate.swift in Sources */ = {isa = PBXBuildFile; fileRef = 8AEC679E20F39B9400FAFF8E /* AppDelegate.swift */; };
		8AEC67A120F39B9400FAFF8E /* ViewController.swift in Sources */ = {isa = PBXBuildFile; fileRef = 8AEC67A020F39B9400FAFF8E /* ViewController.swift */; };
		8AEC67A420F39B9400FAFF8E /* Main.storyboard in Resources */ = {isa = PBXBuildFile; fileRef = 8AEC67A220F39B9400FAFF8E /* Main.storyboard */; };
		8AEC67A620F39B9500FAFF8E /* Assets.xcassets in Resources */ = {isa = PBXBuildFile; fileRef = 8AEC67A520F39B9500FAFF8E /* Assets.xcassets */; };
		8AEC67A920F39B9500FAFF8E /* LaunchScreen.storyboard in Resources */ = {isa = PBXBuildFile; fileRef = 8AEC67A720F39B9500FAFF8E /* LaunchScreen.storyboard */; };
		8AEC67B120F3A12400FAFF8E /* ResultViewController.swift in Sources */ = {isa = PBXBuildFile; fileRef = 8AEC67B020F3A12400FAFF8E /* ResultViewController.swift */; };
/* End PBXBuildFile section */

/* Begin PBXFileReference section */
		8AEC679B20F39B9400FAFF8E /* TUTORIAL_05.app */ = {isa = PBXFileReference; explicitFileType = wrapper.application; includeInIndex = 0; path = TUTORIAL_05.app; sourceTree = BUILT_PRODUCTS_DIR; };
		8AEC679E20F39B9400FAFF8E /* AppDelegate.swift */ = {isa = PBXFileReference; lastKnownFileType = sourcecode.swift; path = AppDelegate.swift; sourceTree = "<group>"; };
		8AEC67A020F39B9400FAFF8E /* ViewController.swift */ = {isa = PBXFileReference; lastKnownFileType = sourcecode.swift; path = ViewController.swift; sourceTree = "<group>"; };
		8AEC67A320F39B9400FAFF8E /* Base */ = {isa = PBXFileReference; lastKnownFileType = file.storyboard; name = Base; path = Base.lproj/Main.storyboard; sourceTree = "<group>"; };
		8AEC67A520F39B9500FAFF8E /* Assets.xcassets */ = {isa = PBXFileReference; lastKnownFileType = folder.assetcatalog; path = Assets.xcassets; sourceTree = "<group>"; };
		8AEC67A820F39B9500FAFF8E /* Base */ = {isa = PBXFileReference; lastKnownFileType = file.storyboard; name = Base; path = Base.lproj/LaunchScreen.storyboard; sourceTree = "<group>"; };
		8AEC67AA20F39B9500FAFF8E /* Info.plist */ = {isa = PBXFileReference; lastKnownFileType = text.plist.xml; path = Info.plist; sourceTree = "<group>"; };
		8AEC67B020F3A12400FAFF8E /* ResultViewController.swift */ = {isa = PBXFileReference; lastKnownFileType = sourcecode.swift; path = ResultViewController.swift; sourceTree = "<group>"; };
/* End PBXFileReference section */

/* Begin PBXFrameworksBuildPhase section */
		8AEC679820F39B9400FAFF8E /* Frameworks */ = {
			isa = PBXFrameworksBuildPhase;
			buildActionMask = 2147483647;
			files = (
			);
			runOnlyForDeploymentPostprocessing = 0;
		};
/* End PBXFrameworksBuildPhase section */

/* Begin PBXGroup section */
		8AEC679220F39B9400FAFF8E = {
			isa = PBXGroup;
			children = (
				8AEC679D20F39B9400FAFF8E /* TUTORIAL_05 */,
				8AEC679C20F39B9400FAFF8E /* Products */,
			);
			sourceTree = "<group>";
		};
		8AEC679C20F39B9400FAFF8E /* Products */ = {
			isa = PBXGroup;
			children = (
				8AEC679B20F39B9400FAFF8E /* TUTORIAL_05.app */,
			);
			name = Products;
			sourceTree = "<group>";
		};
		8AEC679D20F39B9400FAFF8E /* TUTORIAL_05 */ = {
			isa = PBXGroup;
			children = (
				8AEC679E20F39B9400FAFF8E /* AppDelegate.swift */,
				8AEC67A020F39B9400FAFF8E /* ViewController.swift */,
				8AEC67A220F39B9400FAFF8E /* Main.storyboard */,
				8AEC67A520F39B9500FAFF8E /* Assets.xcassets */,
				8AEC67A720F39B9500FAFF8E /* LaunchScreen.storyboard */,
				8AEC67AA20F39B9500FAFF8E /* Info.plist */,
				8AEC67B020F3A12400FAFF8E /* ResultViewController.swift */,
			);
			path = TUTORIAL_05;
			sourceTree = "<group>";
		};
/* End PBXGroup section */

/* Begin PBXNativeTarget section */
		8AEC679A20F39B9400FAFF8E /* TUTORIAL_05 */ = {
			isa = PBXNativeTarget;
			buildConfigurationList = 8AEC67AD20F39B9500FAFF8E /* Build configuration list for PBXNativeTarget "TUTORIAL_05" */;
			buildPhases = (
				8AEC679720F39B9400FAFF8E /* Sources */,
				8AEC679820F39B9400FAFF8E /* Frameworks */,
				8AEC679920F39B9400FAFF8E /* Resources */,
			);
			buildRules = (
			);
			dependencies = (
			);
			name = TUTORIAL_05;
			productName = TUTORIAL_05;
			productReference = 8AEC679B20F39B9400FAFF8E /* TUTORIAL_05.app */;
			productType = "com.apple.product-type.application";
		};
/* End PBXNativeTarget section */

/* Begin PBXProject section */
		8AEC679320F39B9400FAFF8E /* Project object */ = {
			isa = PBXProject;
			attributes = {
				LastSwiftUpdateCheck = 0940;
				LastUpgradeCheck = 0940;
				ORGANIZATIONNAME = OnlyNew;
				TargetAttributes = {
					8AEC679A20F39B9400FAFF8E = {
						CreatedOnToolsVersion = 9.4.1;
					};
				};
			};
			buildConfigurationList = 8AEC679620F39B9400FAFF8E /* Build configuration list for PBXProject "TUTORIAL_05" */;
			compatibilityVersion = "Xcode 9.3";
			developmentRegion = en;
			hasScannedForEncodings = 0;
			knownRegions = (
				en,
				Base,
			);
			mainGroup = 8AEC679220F39B9400FAFF8E;
			productRefGroup = 8AEC679C20F39B9400FAFF8E /* Products */;
			projectDirPath = "";
			projectRoot = "";
			targets = (
				8AEC679A20F39B9400FAFF8E /* TUTORIAL_05 */,
			);
		};
/* End PBXProject section */

/* Begin PBXResourcesBuildPhase section */
		8AEC679920F39B9400FAFF8E /* Resources */ = {
			isa = PBXResourcesBuildPhase;
			buildActionMask = 2147483647;
			files = (
				8AEC67A920F39B9500FAFF8E /* LaunchScreen.storyboard in Resources */,
				8AEC67A620F39B9500FAFF8E /* Assets.xcassets in Resources */,
				8AEC67A420F39B9400FAFF8E /* Main.storyboard in Resources */,
			);
			runOnlyForDeploymentPostprocessing = 0;
		};
/* End PBXResourcesBuildPhase section */

/* Begin PBXSourcesBuildPhase section */
		8AEC679720F39B9400FAFF8E /* Sources */ = {
			isa = PBXSourcesBuildPhase;
			buildActionMask = 2147483647;
			files = (
				8AEC67A120F39B9400FAFF8E /* ViewController.swift in Sources */,
				8AEC679F20F39B9400FAFF8E /* AppDelegate.swift in Sources */,
				8AEC67B120F3A12400FAFF8E /* ResultViewController.swift in Sources */,
			);
			runOnlyForDeploymentPostprocessing = 0;
		};
/* End PBXSourcesBuildPhase section */

/* Begin PBXVariantGroup section */
		8AEC67A220F39B9400FAFF8E /* Main.storyboard */ = {
			isa = PBXVariantGroup;
			children = (
				8AEC67A320F39B9400FAFF8E /* Base */,
			);
			name = Main.storyboard;
			sourceTree = "<group>";
		};
		8AEC67A720F39B9500FAFF8E /* LaunchScreen.storyboard */ = {
			isa = PBXVariantGroup;
			children = (
				8AEC67A820F39B9500FAFF8E /* Base */,
			);
			name = LaunchScreen.storyboard;
			sourceTree = "<group>";
		};
/* End PBXVariantGroup section */

/* Begin XCBuildConfiguration section */
		8AEC67AB20F39B9500FAFF8E /* Debug */ = {
			isa = XCBuildConfiguration;
			buildSettings = {
				ALWAYS_SEARCH_USER_PATHS = NO;
				CLANG_ANALYZER_NONNULL = YES;
				CLANG_ANALYZER_NUMBER_OBJECT_CONVERSION = YES_AGGRESSIVE;
				CLANG_CXX_LANGUAGE_STANDARD = "gnu++14";
				CLANG_CXX_LIBRARY = "libc++";
				CLANG_ENABLE_MODULES = YES;
				CLANG_ENABLE_OBJC_ARC = YES;
				CLANG_ENABLE_OBJC_WEAK = YES;
				CLANG_WARN_BLOCK_CAPTURE_AUTORELEASING = YES;
				CLANG_WARN_BOOL_CONVERSION = YES;
				CLANG_WARN_COMMA = YES;
				CLANG_WARN_CONSTANT_CONVERSION = YES;
				CLANG_WARN_DEPRECATED_OBJC_IMPLEMENTATIONS = YES;
				CLANG_WARN_DIRECT_OBJC_ISA_USAGE = YES_ERROR;
				CLANG_WARN_DOCUMENTATION_COMMENTS = YES;
				CLANG_WARN_EMPTY_BODY = YES;
				CLANG_WARN_ENUM_CONVERSION = YES;
				CLANG_WARN_INFINITE_RECURSION = YES;
				CLANG_WARN_INT_CONVERSION = YES;
				CLANG_WARN_NON_LITERAL_NULL_CONVERSION = YES;
				CLANG_WARN_OBJC_IMPLICIT_RETAIN_SELF = YES;
				CLANG_WARN_OBJC_LITERAL_CONVERSION = YES;
				CLANG_WARN_OBJC_ROOT_CLASS = YES_ERROR;
				CLANG_WARN_RANGE_LOOP_ANALYSIS = YES;
				CLANG_WARN_STRICT_PROTOTYPES = YES;
				CLANG_WARN_SUSPICIOUS_MOVE = YES;
				CLANG_WARN_UNGUARDED_AVAILABILITY = YES_AGGRESSIVE;
				CLANG_WARN_UNREACHABLE_CODE = YES;
				CLANG_WARN__DUPLICATE_METHOD_MATCH = YES;
				CODE_SIGN_IDENTITY = "iPhone Developer";
				COPY_PHASE_STRIP = NO;
				DEBUG_INFORMATION_FORMAT = dwarf;
				ENABLE_STRICT_OBJC_MSGSEND = YES;
				ENABLE_TESTABILITY = YES;
				GCC_C_LANGUAGE_STANDARD = gnu11;
				GCC_DYNAMIC_NO_PIC = NO;
				GCC_NO_COMMON_BLOCKS = YES;
				GCC_OPTIMIZATION_LEVEL = 0;
				GCC_PREPROCESSOR_DEFINITIONS = (
					"DEBUG=1",
					"$(inherited)",
				);
				GCC_WARN_64_TO_32_BIT_CONVERSION = YES;
				GCC_WARN_ABOUT_RETURN_TYPE = YES_ERROR;
				GCC_WARN_UNDECLARED_SELECTOR = YES;
				GCC_WARN_UNINITIALIZED_AUTOS = YES_AGGRESSIVE;
				GCC_WARN_UNUSED_FUNCTION = YES;
				GCC_WARN_UNUSED_VARIABLE = YES;
				IPHONEOS_DEPLOYMENT_TARGET = 11.4;
				MTL_ENABLE_DEBUG_INFO = YES;
				ONLY_ACTIVE_ARCH = YES;
				SDKROOT = iphoneos;
				SWIFT_ACTIVE_COMPILATION_CONDITIONS = DEBUG;
				SWIFT_OPTIMIZATION_LEVEL = "-Onone";
			};
			name = Debug;
		};
		8AEC67AC20F39B9500FAFF8E /* Release */ = {
			isa = XCBuildConfiguration;
			buildSettings = {
				ALWAYS_SEARCH_USER_PATHS = NO;
				CLANG_ANALYZER_NONNULL = YES;
				CLANG_ANALYZER_NUMBER_OBJECT_CONVERSION = YES_AGGRESSIVE;
				CLANG_CXX_LANGUAGE_STANDARD = "gnu++14";
				CLANG_CXX_LIBRARY = "libc++";
				CLANG_ENABLE_MODULES = YES;
				CLANG_ENABLE_OBJC_ARC = YES;
				CLANG_ENABLE_OBJC_WEAK = YES;
				CLANG_WARN_BLOCK_CAPTURE_AUTORELEASING = YES;
				CLANG_WARN_BOOL_CONVERSION = YES;
				CLANG_WARN_COMMA = YES;
				CLANG_WARN_CONSTANT_CONVERSION = YES;
				CLANG_WARN_DEPRECATED_OBJC_IMPLEMENTATIONS = YES;
				CLANG_WARN_DIRECT_OBJC_ISA_USAGE = YES_ERROR;
				CLANG_WARN_DOCUMENTATION_COMMENTS = YES;
				CLANG_WARN_EMPTY_BODY = YES;
				CLANG_WARN_ENUM_CONVERSION = YES;
				CLANG_WARN_INFINITE_RECURSION = YES;
				CLANG_WARN_INT_CONVERSION = YES;
				CLANG_WARN_NON_LITERAL_NULL_CONVERSION = YES;
				CLANG_WARN_OBJC_IMPLICIT_RETAIN_SELF = YES;
				CLANG_WARN_OBJC_LITERAL_CONVERSION = YES;
				CLANG_WARN_OBJC_ROOT_CLASS = YES_ERROR;
				CLANG_WARN_RANGE_LOOP_ANALYSIS = YES;
				CLANG_WARN_STRICT_PROTOTYPES = YES;
				CLANG_WARN_SUSPICIOUS_MOVE = YES;
				CLANG_WARN_UNGUARDED_AVAILABILITY = YES_AGGRESSIVE;
				CLANG_WARN_UNREACHABLE_CODE = YES;
				CLANG_WARN__DUPLICATE_METHOD_MATCH = YES;
				CODE_SIGN_IDENTITY = "iPhone Developer";
				COPY_PHASE_STRIP = NO;
				DEBUG_INFORMATION_FORMAT = "dwarf-with-dsym";
				ENABLE_NS_ASSERTIONS = NO;
				ENABLE_STRICT_OBJC_MSGSEND = YES;
				GCC_C_LANGUAGE_STANDARD = gnu11;
				GCC_NO_COMMON_BLOCKS = YES;
				GCC_WARN_64_TO_32_BIT_CONVERSION = YES;
				GCC_WARN_ABOUT_RETURN_TYPE = YES_ERROR;
				GCC_WARN_UNDECLARED_SELECTOR = YES;
				GCC_WARN_UNINITIALIZED_AUTOS = YES_AGGRESSIVE;
				GCC_WARN_UNUSED_FUNCTION = YES;
				GCC_WARN_UNUSED_VARIABLE = YES;
				IPHONEOS_DEPLOYMENT_TARGET = 11.4;
				MTL_ENABLE_DEBUG_INFO = NO;
				SDKROOT = iphoneos;
				SWIFT_COMPILATION_MODE = wholemodule;
				SWIFT_OPTIMIZATION_LEVEL = "-O";
				VALIDATE_PRODUCT = YES;
			};
			name = Release;
		};
		8AEC67AE20F39B9500FAFF8E /* Debug */ = {
			isa = XCBuildConfiguration;
			buildSettings = {
				ASSETCATALOG_COMPILER_APPICON_NAME = AppIcon;
				CODE_SIGN_STYLE = Automatic;
				DEVELOPMENT_TEAM = E833V996FU;
				INFOPLIST_FILE = TUTORIAL_05/Info.plist;
				LD_RUNPATH_SEARCH_PATHS = (
					"$(inherited)",
					"@executable_path/Frameworks",
				);
				PRODUCT_BUNDLE_IDENTIFIER = "Saera.TUTORIAL-05";
				PRODUCT_NAME = "$(TARGET_NAME)";
				SWIFT_VERSION = 4.0;
				TARGETED_DEVICE_FAMILY = "1,2";
			};
			name = Debug;
		};
		8AEC67AF20F39B9500FAFF8E /* Release */ = {
			isa = XCBuildConfiguration;
			buildSettings = {
				ASSETCATALOG_COMPILER_APPICON_NAME = AppIcon;
				CODE_SIGN_STYLE = Automatic;
				DEVELOPMENT_TEAM = E833V996FU;
				INFOPLIST_FILE = TUTORIAL_05/Info.plist;
				LD_RUNPATH_SEARCH_PATHS = (
					"$(inherited)",
					"@executable_path/Frameworks",
				);
				PRODUCT_BUNDLE_IDENTIFIER = "Saera.TUTORIAL-05";
				PRODUCT_NAME = "$(TARGET_NAME)";
				SWIFT_VERSION = 4.0;
				TARGETED_DEVICE_FAMILY = "1,2";
			};
			name = Release;
		};
/* End XCBuildConfiguration section */

/* Begin XCConfigurationList section */
		8AEC679620F39B9400FAFF8E /* Build configuration list for PBXProject "TUTORIAL_05" */ = {
			isa = XCConfigurationList;
			buildConfigurations = (
				8AEC67AB20F39B9500FAFF8E /* Debug */,
				8AEC67AC20F39B9500FAFF8E /* Release */,
			);
			defaultConfigurationIsVisible = 0;
			defaultConfigurationName = Release;
		};
		8AEC67AD20F39B9500FAFF8E /* Build configuration list for PBXNativeTarget "TUTORIAL_05" */ = {
			isa = XCConfigurationList;
			buildConfigurations = (
				8AEC67AE20F39B9500FAFF8E /* Debug */,
				8AEC67AF20F39B9500FAFF8E /* Release */,
			);
			defaultConfigurationIsVisible = 0;
			defaultConfigurationName = Release;
		};
/* End XCConfigurationList section */
	};
	rootObject = 8AEC679320F39B9400FAFF8E /* Project object */;
}
